
Microsoft Visual Studio Solution File, Format Version 12.00
# Visual Studio 14
VisualStudioVersion = 14.0.24720.0
MinimumVisualStudioVersion = 10.0.40219.1
Project("{8BC9CEB8-8B4A-11D0-8D11-00A0C91BC942}") = "Draw3d", "Draw3d\Draw3d.vcxproj", "{41D63978-6635-495E-B4FB-460A77A00ADB}"
	ProjectSection(ProjectDependencies) = postProject
		{11D7B32C-E227-4993-9721-0E01AC8C0FD8} = {11D7B32C-E227-4993-9721-0E01AC8C0FD8}
		{3575354A-41BF-439B-859D-127A752BC8E6} = {3575354A-41BF-439B-859D-127A752BC8E6}
	EndProjectSection
EndProject
Project("{8BC9CEB8-8B4A-11D0-8D11-00A0C91BC942}") = "Physics", "Physics\Physics.vcxproj", "{AB489BF6-C2C3-4D2F-9466-488746528352}"
	ProjectSection(ProjectDependencies) = postProject
		{11D7B32C-E227-4993-9721-0E01AC8C0FD8} = {11D7B32C-E227-4993-9721-0E01AC8C0FD8}
		{3575354A-41BF-439B-859D-127A752BC8E6} = {3575354A-41BF-439B-859D-127A752BC8E6}
	EndProjectSection
EndProject
Project("{8BC9CEB8-8B4A-11D0-8D11-00A0C91BC942}") = "PointLight", "PointLight\PointLight.vcxproj", "{56F9F996-A603-426D-A80A-D80159988AF4}"
	ProjectSection(ProjectDependencies) = postProject
		{11D7B32C-E227-4993-9721-0E01AC8C0FD8} = {11D7B32C-E227-4993-9721-0E01AC8C0FD8}
		{3575354A-41BF-439B-859D-127A752BC8E6} = {3575354A-41BF-439B-859D-127A752BC8E6}
	EndProjectSection
EndProject
Project("{8BC9CEB8-8B4A-11D0-8D11-00A0C91BC942}") = "ShaderDistortion", "ShaderDistortion\ShaderDistortion.vcxproj", "{EA398B70-A1CA-464E-931A-CC7802B0A235}"
	ProjectSection(ProjectDependencies) = postProject
		{11D7B32C-E227-4993-9721-0E01AC8C0FD8} = {11D7B32C-E227-4993-9721-0E01AC8C0FD8}
		{3575354A-41BF-439B-859D-127A752BC8E6} = {3575354A-41BF-439B-859D-127A752BC8E6}
	EndProjectSection
EndProject
Project("{8BC9CEB8-8B4A-11D0-8D11-00A0C91BC942}") = "ShaderSpeedMapBlur2d", "ShaderSpeedMapBlur2d\ShaderSpeedMapBlur2d.vcxproj", "{7CB66EDC-A953-4959-BA80-EC5FFCC690F8}"
	ProjectSection(ProjectDependencies) = postProject
		{11D7B32C-E227-4993-9721-0E01AC8C0FD8} = {11D7B32C-E227-4993-9721-0E01AC8C0FD8}
		{3575354A-41BF-439B-859D-127A752BC8E6} = {3575354A-41BF-439B-859D-127A752BC8E6}
	EndProjectSection
EndProject
Project("{8BC9CEB8-8B4A-11D0-8D11-00A0C91BC942}") = "ShadowMap", "ShadowMap\ShadowMap.vcxproj", "{7267214B-24D7-4F27-9A4A-C604B2AFF77D}"
	ProjectSection(ProjectDependencies) = postProject
		{11D7B32C-E227-4993-9721-0E01AC8C0FD8} = {11D7B32C-E227-4993-9721-0E01AC8C0FD8}
		{3575354A-41BF-439B-859D-127A752BC8E6} = {3575354A-41BF-439B-859D-127A752BC8E6}
	EndProjectSection
EndProject
Project("{8BC9CEB8-8B4A-11D0-8D11-00A0C91BC942}") = "Simple2d", "Simple2d\Simple2d.vcxproj", "{37D13F5B-C6CC-48BD-ABD9-BE39B7535744}"
	ProjectSection(ProjectDependencies) = postProject
		{11D7B32C-E227-4993-9721-0E01AC8C0FD8} = {11D7B32C-E227-4993-9721-0E01AC8C0FD8}
		{3575354A-41BF-439B-859D-127A752BC8E6} = {3575354A-41BF-439B-859D-127A752BC8E6}
	EndProjectSection
EndProject
Project("{8BC9CEB8-8B4A-11D0-8D11-00A0C91BC942}") = "Sound", "Sound\Sound.vcxproj", "{7083FEC3-DEF9-4E01-A16F-E5A4BF8DBC56}"
	ProjectSection(ProjectDependencies) = postProject
		{11D7B32C-E227-4993-9721-0E01AC8C0FD8} = {11D7B32C-E227-4993-9721-0E01AC8C0FD8}
		{3575354A-41BF-439B-859D-127A752BC8E6} = {3575354A-41BF-439B-859D-127A752BC8E6}
	EndProjectSection
EndProject
Project("{8BC9CEB8-8B4A-11D0-8D11-00A0C91BC942}") = "SSAO", "SSAO\SSAO.vcxproj", "{F02B622A-1242-453F-BEF7-DE0DA842B8BF}"
	ProjectSection(ProjectDependencies) = postProject
		{11D7B32C-E227-4993-9721-0E01AC8C0FD8} = {11D7B32C-E227-4993-9721-0E01AC8C0FD8}
		{3575354A-41BF-439B-859D-127A752BC8E6} = {3575354A-41BF-439B-859D-127A752BC8E6}
	EndProjectSection
EndProject
Project("{8BC9CEB8-8B4A-11D0-8D11-00A0C91BC942}") = "Thread", "Thread\Thread.vcxproj", "{CEC2E09E-5619-4D25-B3BD-04C8959460A4}"
	ProjectSection(ProjectDependencies) = postProject
		{11D7B32C-E227-4993-9721-0E01AC8C0FD8} = {11D7B32C-E227-4993-9721-0E01AC8C0FD8}
		{3575354A-41BF-439B-859D-127A752BC8E6} = {3575354A-41BF-439B-859D-127A752BC8E6}
	EndProjectSection
EndProject
Project("{8BC9CEB8-8B4A-11D0-8D11-00A0C91BC942}") = "Draw2d", "Draw2d\Draw2d.vcxproj", "{9824BF98-F1F6-4C28-A2C8-EE5E6824A838}"
EndProject
Project("{8BC9CEB8-8B4A-11D0-8D11-00A0C91BC942}") = "DrawModel", "DrawModel\DrawModel.vcxproj", "{45C1E288-A90B-4F41-A4A6-283E7993A5EE}"
EndProject
Project("{8BC9CEB8-8B4A-11D0-8D11-00A0C91BC942}") = "WinDxCore", "..\..\make\WinDx\core\WinDxCore.vcxproj", "{3575354A-41BF-439B-859D-127A752BC8E6}"
EndProject
Project("{8BC9CEB8-8B4A-11D0-8D11-00A0C91BC942}") = "WinDxHjLib", "..\..\make\WinDx\WinDxHjLib.vcxproj", "{11D7B32C-E227-4993-9721-0E01AC8C0FD8}"
EndProject
Global
	GlobalSection(SolutionConfigurationPlatforms) = preSolution
		Debug|Win32 = Debug|Win32
		Release|Win32 = Release|Win32
	EndGlobalSection
	GlobalSection(ProjectConfigurationPlatforms) = postSolution
		{41D63978-6635-495E-B4FB-460A77A00ADB}.Debug|Win32.ActiveCfg = Debug|Win32
		{41D63978-6635-495E-B4FB-460A77A00ADB}.Debug|Win32.Build.0 = Debug|Win32
		{41D63978-6635-495E-B4FB-460A77A00ADB}.Release|Win32.ActiveCfg = Release|Win32
		{41D63978-6635-495E-B4FB-460A77A00ADB}.Release|Win32.Build.0 = Release|Win32
		{AB489BF6-C2C3-4D2F-9466-488746528352}.Debug|Win32.ActiveCfg = Debug|Win32
		{AB489BF6-C2C3-4D2F-9466-488746528352}.Debug|Win32.Build.0 = Debug|Win32
		{AB489BF6-C2C3-4D2F-9466-488746528352}.Release|Win32.ActiveCfg = Release|Win32
		{AB489BF6-C2C3-4D2F-9466-488746528352}.Release|Win32.Build.0 = Release|Win32
		{56F9F996-A603-426D-A80A-D80159988AF4}.Debug|Win32.ActiveCfg = Debug|Win32
		{56F9F996-A603-426D-A80A-D80159988AF4}.Debug|Win32.Build.0 = Debug|Win32
		{56F9F996-A603-426D-A80A-D80159988AF4}.Release|Win32.ActiveCfg = Release|Win32
		{56F9F996-A603-426D-A80A-D80159988AF4}.Release|Win32.Build.0 = Release|Win32
		{EA398B70-A1CA-464E-931A-CC7802B0A235}.Debug|Win32.ActiveCfg = Debug|Win32
		{EA398B70-A1CA-464E-931A-CC7802B0A235}.Debug|Win32.Build.0 = Debug|Win32
		{EA398B70-A1CA-464E-931A-CC7802B0A235}.Release|Win32.ActiveCfg = Release|Win32
		{EA398B70-A1CA-464E-931A-CC7802B0A235}.Release|Win32.Build.0 = Release|Win32
		{7CB66EDC-A953-4959-BA80-EC5FFCC690F8}.Debug|Win32.ActiveCfg = Debug|Win32
		{7CB66EDC-A953-4959-BA80-EC5FFCC690F8}.Debug|Win32.Build.0 = Debug|Win32
		{7CB66EDC-A953-4959-BA80-EC5FFCC690F8}.Release|Win32.ActiveCfg = Release|Win32
		{7CB66EDC-A953-4959-BA80-EC5FFCC690F8}.Release|Win32.Build.0 = Release|Win32
		{7267214B-24D7-4F27-9A4A-C604B2AFF77D}.Debug|Win32.ActiveCfg = Debug|Win32
		{7267214B-24D7-4F27-9A4A-C604B2AFF77D}.Debug|Win32.Build.0 = Debug|Win32
		{7267214B-24D7-4F27-9A4A-C604B2AFF77D}.Release|Win32.ActiveCfg = Release|Win32
		{7267214B-24D7-4F27-9A4A-C604B2AFF77D}.Release|Win32.Build.0 = Release|Win32
		{37D13F5B-C6CC-48BD-ABD9-BE39B7535744}.Debug|Win32.ActiveCfg = Debug|Win32
		{37D13F5B-C6CC-48BD-ABD9-BE39B7535744}.Debug|Win32.Build.0 = Debug|Win32
		{37D13F5B-C6CC-48BD-ABD9-BE39B7535744}.Release|Win32.ActiveCfg = Release|Win32
		{37D13F5B-C6CC-48BD-ABD9-BE39B7535744}.Release|Win32.Build.0 = Release|Win32
		{7083FEC3-DEF9-4E01-A16F-E5A4BF8DBC56}.Debug|Win32.ActiveCfg = Debug|Win32
		{7083FEC3-DEF9-4E01-A16F-E5A4BF8DBC56}.Debug|Win32.Build.0 = Debug|Win32
		{7083FEC3-DEF9-4E01-A16F-E5A4BF8DBC56}.Release|Win32.ActiveCfg = Release|Win32
		{7083FEC3-DEF9-4E01-A16F-E5A4BF8DBC56}.Release|Win32.Build.0 = Release|Win32
		{F02B622A-1242-453F-BEF7-DE0DA842B8BF}.Debug|Win32.ActiveCfg = Debug|Win32
		{F02B622A-1242-453F-BEF7-DE0DA842B8BF}.Debug|Win32.Build.0 = Debug|Win32
		{F02B622A-1242-453F-BEF7-DE0DA842B8BF}.Release|Win32.ActiveCfg = Release|Win32
		{F02B622A-1242-453F-BEF7-DE0DA842B8BF}.Release|Win32.Build.0 = Release|Win32
		{CEC2E09E-5619-4D25-B3BD-04C8959460A4}.Debug|Win32.ActiveCfg = Debug|Win32
		{CEC2E09E-5619-4D25-B3BD-04C8959460A4}.Debug|Win32.Build.0 = Debug|Win32
		{CEC2E09E-5619-4D25-B3BD-04C8959460A4}.Release|Win32.ActiveCfg = Release|Win32
		{CEC2E09E-5619-4D25-B3BD-04C8959460A4}.Release|Win32.Build.0 = Release|Win32
		{9824BF98-F1F6-4C28-A2C8-EE5E6824A838}.Debug|Win32.ActiveCfg = Debug|Win32
		{9824BF98-F1F6-4C28-A2C8-EE5E6824A838}.Debug|Win32.Build.0 = Debug|Win32
		{9824BF98-F1F6-4C28-A2C8-EE5E6824A838}.Release|Win32.ActiveCfg = Release|Win32
		{9824BF98-F1F6-4C28-A2C8-EE5E6824A838}.Release|Win32.Build.0 = Release|Win32
		{45C1E288-A90B-4F41-A4A6-283E7993A5EE}.Debug|Win32.ActiveCfg = Debug|Win32
		{45C1E288-A90B-4F41-A4A6-283E7993A5EE}.Debug|Win32.Build.0 = Debug|Win32
		{45C1E288-A90B-4F41-A4A6-283E7993A5EE}.Release|Win32.ActiveCfg = Release|Win32
		{45C1E288-A90B-4F41-A4A6-283E7993A5EE}.Release|Win32.Build.0 = Release|Win32
		{3575354A-41BF-439B-859D-127A752BC8E6}.Debug|Win32.ActiveCfg = Debug|Win32
		{3575354A-41BF-439B-859D-127A752BC8E6}.Debug|Win32.Build.0 = Debug|Win32
		{3575354A-41BF-439B-859D-127A752BC8E6}.Release|Win32.ActiveCfg = Release|Win32
		{3575354A-41BF-439B-859D-127A752BC8E6}.Release|Win32.Build.0 = Release|Win32
		{11D7B32C-E227-4993-9721-0E01AC8C0FD8}.Debug|Win32.ActiveCfg = Debug|Win32
		{11D7B32C-E227-4993-9721-0E01AC8C0FD8}.Debug|Win32.Build.0 = Debug|Win32
		{11D7B32C-E227-4993-9721-0E01AC8C0FD8}.Release|Win32.ActiveCfg = Release|Win32
		{11D7B32C-E227-4993-9721-0E01AC8C0FD8}.Release|Win32.Build.0 = Release|Win32
	EndGlobalSection
	GlobalSection(SolutionProperties) = preSolution
		HideSolutionNode = FALSE
	EndGlobalSection
EndGlobal
